
Microsoft Visual Studio Solution File, Format Version 12.00
# Visual Studio Version 17
VisualStudioVersion = 17.5.33516.290
MinimumVisualStudioVersion = 10.0.40219.1
Project("{FAE04EC0-301F-11D3-BF4B-00C04F79EFBC}") = "NelRulesUI", "NelRulesUI\NelRulesUI.csproj", "{9AFF2D5D-FDC0-44CC-BD98-B99A66E47E27}"
EndProject
Global
	GlobalSection(SolutionConfigurationPlatforms) = preSolution
		Debug|Any CPU = Debug|Any CPU
		Release|Any CPU = Release|Any CPU
	EndGlobalSection
	GlobalSection(ProjectConfigurationPlatforms) = postSolution
		{9AFF2D5D-FDC0-44CC-BD98-B99A66E47E27}.Debug|Any CPU.ActiveCfg = Debug|Any CPU
		{9AFF2D5D-FDC0-44CC-BD98-B99A66E47E27}.Debug|Any CPU.Build.0 = Debug|Any CPU
		{9AFF2D5D-FDC0-44CC-BD98-B99A66E47E27}.Release|Any CPU.ActiveCfg = Release|Any CPU
		{9AFF2D5D-FDC0-44CC-BD98-B99A66E47E27}.Release|Any CPU.Build.0 = Release|Any CPU
	EndGlobalSection
	GlobalSection(SolutionProperties) = preSolution
		HideSolutionNode = FALSE
	EndGlobalSection
	GlobalSection(ExtensibilityGlobals) = postSolution
		SolutionGuid = {6C4858A0-8E56-4317-B185-1CCD3A28D180}
	EndGlobalSection
EndGlobal
